// !$*UTF8*$!
{
	archiveVersion = 1;
	classes = {
	};
	objectVersion = 50;
	objects = {

/* Begin PBXBuildFile section */
		A00B0509262D712500B2C0C2 /* AppDelegate.swift in Sources */ = {isa = PBXBuildFile; fileRef = A00B0508262D712500B2C0C2 /* AppDelegate.swift */; };
		A00B050B262D712500B2C0C2 /* SceneDelegate.swift in Sources */ = {isa = PBXBuildFile; fileRef = A00B050A262D712500B2C0C2 /* SceneDelegate.swift */; };
		A00B0512262D712C00B2C0C2 /* Assets.xcassets in Resources */ = {isa = PBXBuildFile; fileRef = A00B0511262D712C00B2C0C2 /* Assets.xcassets */; };
		A00B0515262D712C00B2C0C2 /* LaunchScreen.storyboard in Resources */ = {isa = PBXBuildFile; fileRef = A00B0513262D712C00B2C0C2 /* LaunchScreen.storyboard */; };
		A00B0521262D89BF00B2C0C2 /* SearchVC.swift in Sources */ = {isa = PBXBuildFile; fileRef = A00B0520262D89BF00B2C0C2 /* SearchVC.swift */; };
		A00B0524262D8A0100B2C0C2 /* FavoritesListVC.swift in Sources */ = {isa = PBXBuildFile; fileRef = A00B0523262D8A0100B2C0C2 /* FavoritesListVC.swift */; };
		A00B0527262DCA5F00B2C0C2 /* GFButton.swift in Sources */ = {isa = PBXBuildFile; fileRef = A00B0526262DCA5F00B2C0C2 /* GFButton.swift */; };
		A00B052D262E342000B2C0C2 /* GFTextField.swift in Sources */ = {isa = PBXBuildFile; fileRef = A00B052C262E342000B2C0C2 /* GFTextField.swift */; };
		A00B0534263214F200B2C0C2 /* FollowerListVC.swift in Sources */ = {isa = PBXBuildFile; fileRef = A00B0533263214F200B2C0C2 /* FollowerListVC.swift */; };
		A00B05372634393D00B2C0C2 /* GFTitleLabel.swift in Sources */ = {isa = PBXBuildFile; fileRef = A00B05362634393D00B2C0C2 /* GFTitleLabel.swift */; };
		A00B053A263446CA00B2C0C2 /* GFBodyLabel.swift in Sources */ = {isa = PBXBuildFile; fileRef = A00B0539263446CA00B2C0C2 /* GFBodyLabel.swift */; };
		A0396E242644203500DEDB7E /* UserInfoVC.swift in Sources */ = {isa = PBXBuildFile; fileRef = A0396E232644203500DEDB7E /* UserInfoVC.swift */; };
		A0396E2826442C8D00DEDB7E /* GFUserInfoHeaderVC.swift in Sources */ = {isa = PBXBuildFile; fileRef = A0396E2726442C8D00DEDB7E /* GFUserInfoHeaderVC.swift */; };
		A0396E2B26442D5B00DEDB7E /* GFSecondaryTitleLabel.swift in Sources */ = {isa = PBXBuildFile; fileRef = A0396E2A26442D5B00DEDB7E /* GFSecondaryTitleLabel.swift */; };
		A0396E2E264434B900DEDB7E /* Constants.swift in Sources */ = {isa = PBXBuildFile; fileRef = A0396E2D264434B900DEDB7E /* Constants.swift */; };
		A04021932644008F0099BF78 /* GFEmtyStateView.swift in Sources */ = {isa = PBXBuildFile; fileRef = A04021922644008F0099BF78 /* GFEmtyStateView.swift */; };
		A045314B2644562500038AAE /* GFItemInfoView.swift in Sources */ = {isa = PBXBuildFile; fileRef = A045314A2644562500038AAE /* GFItemInfoView.swift */; };
		A045314E264460D600038AAE /* GFItemInfoVC.swift in Sources */ = {isa = PBXBuildFile; fileRef = A045314D264460D600038AAE /* GFItemInfoVC.swift */; };
		A04531512644645200038AAE /* GFRepoItemVC.swift in Sources */ = {isa = PBXBuildFile; fileRef = A04531502644645200038AAE /* GFRepoItemVC.swift */; };
		A0453154264466A300038AAE /* GFFollowerItemVC.swift in Sources */ = {isa = PBXBuildFile; fileRef = A0453153264466A300038AAE /* GFFollowerItemVC.swift */; };
		A05CF9612643DE6900B3708D /* UIHelper.swift in Sources */ = {isa = PBXBuildFile; fileRef = A05CF9602643DE6900B3708D /* UIHelper.swift */; };
		A087890926386999000FF4E1 /* GFError.swift in Sources */ = {isa = PBXBuildFile; fileRef = A087890826386999000FF4E1 /* GFError.swift */; };
		A087890D2642A24F000FF4E1 /* FollowerCell.swift in Sources */ = {isa = PBXBuildFile; fileRef = A087890C2642A24F000FF4E1 /* FollowerCell.swift */; };
		A08789102642A3F8000FF4E1 /* GFAvatarImageView.swift in Sources */ = {isa = PBXBuildFile; fileRef = A087890F2642A3F8000FF4E1 /* GFAvatarImageView.swift */; };
		A0C29E1026446BFD00962129 /* Date+Ext.swift in Sources */ = {isa = PBXBuildFile; fileRef = A0C29E0F26446BFD00962129 /* Date+Ext.swift */; };
		A0C29E1326446C3600962129 /* String+Ext.swift in Sources */ = {isa = PBXBuildFile; fileRef = A0C29E1226446C3600962129 /* String+Ext.swift */; };
		A0C29E162645517600962129 /* PersistanceManager.swift in Sources */ = {isa = PBXBuildFile; fileRef = A0C29E152645517600962129 /* PersistanceManager.swift */; };
		A0D4968C263574F500ADA802 /* GFAlertVC.swift in Sources */ = {isa = PBXBuildFile; fileRef = A0D4968B263574F500ADA802 /* GFAlertVC.swift */; };
		A0D4968F26357DBD00ADA802 /* UIViewControllerExt.swift in Sources */ = {isa = PBXBuildFile; fileRef = A0D4968E26357DBD00ADA802 /* UIViewControllerExt.swift */; };
		A0D4969826375A6700ADA802 /* Follower.swift in Sources */ = {isa = PBXBuildFile; fileRef = A0D4969726375A6700ADA802 /* Follower.swift */; };
		A0D4969B2637661100ADA802 /* User.swift in Sources */ = {isa = PBXBuildFile; fileRef = A0D4969A2637661100ADA802 /* User.swift */; };
		A0D496A02638241D00ADA802 /* NetworkManager.swift in Sources */ = {isa = PBXBuildFile; fileRef = A0D4969F2638241D00ADA802 /* NetworkManager.swift */; };
/* End PBXBuildFile section */

/* Begin PBXFileReference section */
		A00B0505262D712500B2C0C2 /* GHFollowers.app */ = {isa = PBXFileReference; explicitFileType = wrapper.application; includeInIndex = 0; path = GHFollowers.app; sourceTree = BUILT_PRODUCTS_DIR; };
		A00B0508262D712500B2C0C2 /* AppDelegate.swift */ = {isa = PBXFileReference; lastKnownFileType = sourcecode.swift; path = AppDelegate.swift; sourceTree = "<group>"; };
		A00B050A262D712500B2C0C2 /* SceneDelegate.swift */ = {isa = PBXFileReference; lastKnownFileType = sourcecode.swift; path = SceneDelegate.swift; sourceTree = "<group>"; };
		A00B0511262D712C00B2C0C2 /* Assets.xcassets */ = {isa = PBXFileReference; lastKnownFileType = folder.assetcatalog; path = Assets.xcassets; sourceTree = "<group>"; };
		A00B0514262D712C00B2C0C2 /* Base */ = {isa = PBXFileReference; lastKnownFileType = file.storyboard; name = Base; path = Base.lproj/LaunchScreen.storyboard; sourceTree = "<group>"; };
		A00B0516262D712C00B2C0C2 /* Info.plist */ = {isa = PBXFileReference; lastKnownFileType = text.plist.xml; path = Info.plist; sourceTree = "<group>"; };
		A00B0520262D89BF00B2C0C2 /* SearchVC.swift */ = {isa = PBXFileReference; lastKnownFileType = sourcecode.swift; path = SearchVC.swift; sourceTree = "<group>"; };
		A00B0523262D8A0100B2C0C2 /* FavoritesListVC.swift */ = {isa = PBXFileReference; lastKnownFileType = sourcecode.swift; path = FavoritesListVC.swift; sourceTree = "<group>"; };
		A00B0526262DCA5F00B2C0C2 /* GFButton.swift */ = {isa = PBXFileReference; lastKnownFileType = sourcecode.swift; path = GFButton.swift; sourceTree = "<group>"; };
		A00B052C262E342000B2C0C2 /* GFTextField.swift */ = {isa = PBXFileReference; lastKnownFileType = sourcecode.swift; path = GFTextField.swift; sourceTree = "<group>"; };
		A00B0533263214F200B2C0C2 /* FollowerListVC.swift */ = {isa = PBXFileReference; lastKnownFileType = sourcecode.swift; path = FollowerListVC.swift; sourceTree = "<group>"; };
		A00B05362634393D00B2C0C2 /* GFTitleLabel.swift */ = {isa = PBXFileReference; lastKnownFileType = sourcecode.swift; path = GFTitleLabel.swift; sourceTree = "<group>"; };
		A00B0539263446CA00B2C0C2 /* GFBodyLabel.swift */ = {isa = PBXFileReference; lastKnownFileType = sourcecode.swift; path = GFBodyLabel.swift; sourceTree = "<group>"; };
		A0396E232644203500DEDB7E /* UserInfoVC.swift */ = {isa = PBXFileReference; lastKnownFileType = sourcecode.swift; path = UserInfoVC.swift; sourceTree = "<group>"; };
		A0396E2726442C8D00DEDB7E /* GFUserInfoHeaderVC.swift */ = {isa = PBXFileReference; lastKnownFileType = sourcecode.swift; path = GFUserInfoHeaderVC.swift; sourceTree = "<group>"; };
		A0396E2A26442D5B00DEDB7E /* GFSecondaryTitleLabel.swift */ = {isa = PBXFileReference; lastKnownFileType = sourcecode.swift; path = GFSecondaryTitleLabel.swift; sourceTree = "<group>"; };
		A0396E2D264434B900DEDB7E /* Constants.swift */ = {isa = PBXFileReference; lastKnownFileType = sourcecode.swift; path = Constants.swift; sourceTree = "<group>"; };
		A04021922644008F0099BF78 /* GFEmtyStateView.swift */ = {isa = PBXFileReference; lastKnownFileType = sourcecode.swift; path = GFEmtyStateView.swift; sourceTree = "<group>"; };
		A045314A2644562500038AAE /* GFItemInfoView.swift */ = {isa = PBXFileReference; lastKnownFileType = sourcecode.swift; path = GFItemInfoView.swift; sourceTree = "<group>"; };
		A045314D264460D600038AAE /* GFItemInfoVC.swift */ = {isa = PBXFileReference; lastKnownFileType = sourcecode.swift; path = GFItemInfoVC.swift; sourceTree = "<group>"; };
		A04531502644645200038AAE /* GFRepoItemVC.swift */ = {isa = PBXFileReference; lastKnownFileType = sourcecode.swift; path = GFRepoItemVC.swift; sourceTree = "<group>"; };
		A0453153264466A300038AAE /* GFFollowerItemVC.swift */ = {isa = PBXFileReference; lastKnownFileType = sourcecode.swift; path = GFFollowerItemVC.swift; sourceTree = "<group>"; };
		A05CF9602643DE6900B3708D /* UIHelper.swift */ = {isa = PBXFileReference; lastKnownFileType = sourcecode.swift; path = UIHelper.swift; sourceTree = "<group>"; };
		A087890826386999000FF4E1 /* GFError.swift */ = {isa = PBXFileReference; lastKnownFileType = sourcecode.swift; path = GFError.swift; sourceTree = "<group>"; };
		A087890C2642A24F000FF4E1 /* FollowerCell.swift */ = {isa = PBXFileReference; lastKnownFileType = sourcecode.swift; path = FollowerCell.swift; sourceTree = "<group>"; };
		A087890F2642A3F8000FF4E1 /* GFAvatarImageView.swift */ = {isa = PBXFileReference; lastKnownFileType = sourcecode.swift; path = GFAvatarImageView.swift; sourceTree = "<group>"; };
		A0C29E0F26446BFD00962129 /* Date+Ext.swift */ = {isa = PBXFileReference; lastKnownFileType = sourcecode.swift; path = "Date+Ext.swift"; sourceTree = "<group>"; };
		A0C29E1226446C3600962129 /* String+Ext.swift */ = {isa = PBXFileReference; lastKnownFileType = sourcecode.swift; path = "String+Ext.swift"; sourceTree = "<group>"; };
		A0C29E152645517600962129 /* PersistanceManager.swift */ = {isa = PBXFileReference; lastKnownFileType = sourcecode.swift; path = PersistanceManager.swift; sourceTree = "<group>"; };
		A0D4968B263574F500ADA802 /* GFAlertVC.swift */ = {isa = PBXFileReference; lastKnownFileType = sourcecode.swift; path = GFAlertVC.swift; sourceTree = "<group>"; };
		A0D4968E26357DBD00ADA802 /* UIViewControllerExt.swift */ = {isa = PBXFileReference; lastKnownFileType = sourcecode.swift; path = UIViewControllerExt.swift; sourceTree = "<group>"; };
		A0D4969726375A6700ADA802 /* Follower.swift */ = {isa = PBXFileReference; lastKnownFileType = sourcecode.swift; path = Follower.swift; sourceTree = "<group>"; };
		A0D4969A2637661100ADA802 /* User.swift */ = {isa = PBXFileReference; lastKnownFileType = sourcecode.swift; path = User.swift; sourceTree = "<group>"; };
		A0D4969F2638241D00ADA802 /* NetworkManager.swift */ = {isa = PBXFileReference; lastKnownFileType = sourcecode.swift; path = NetworkManager.swift; sourceTree = "<group>"; };
/* End PBXFileReference section */

/* Begin PBXFrameworksBuildPhase section */
		A00B0502262D712500B2C0C2 /* Frameworks */ = {
			isa = PBXFrameworksBuildPhase;
			buildActionMask = 2147483647;
			files = (
			);
			runOnlyForDeploymentPostprocessing = 0;
		};
/* End PBXFrameworksBuildPhase section */

/* Begin PBXGroup section */
		A00B04FC262D712500B2C0C2 = {
			isa = PBXGroup;
			children = (
				A00B0507262D712500B2C0C2 /* GHFollowers */,
				A00B0506262D712500B2C0C2 /* Products */,
			);
			sourceTree = "<group>";
		};
		A00B0506262D712500B2C0C2 /* Products */ = {
			isa = PBXGroup;
			children = (
				A00B0505262D712500B2C0C2 /* GHFollowers.app */,
			);
			name = Products;
			sourceTree = "<group>";
		};
		A00B0507262D712500B2C0C2 /* GHFollowers */ = {
			isa = PBXGroup;
			children = (
				A087890726386982000FF4E1 /* Utilites */,
				A0D4969E2638240000ADA802 /* Managers */,
				A00B0516262D712C00B2C0C2 /* Info.plist */,
				A0D4969626375A4200ADA802 /* Model */,
				A0D49695263700F000ADA802 /* Support */,
				A0D496932637006800ADA802 /* Extensions */,
				A0D496922636FFC000ADA802 /* Custom Views */,
				A0D496912636FF4E00ADA802 /* Screens */,
			);
			path = GHFollowers;
			sourceTree = "<group>";
		};
		A040218C2643FF410099BF78 /* Views */ = {
			isa = PBXGroup;
			children = (
				A04021922644008F0099BF78 /* GFEmtyStateView.swift */,
				A045314A2644562500038AAE /* GFItemInfoView.swift */,
			);
			path = Views;
			sourceTree = "<group>";
		};
		A040218D2643FF470099BF78 /* Buttons */ = {
			isa = PBXGroup;
			children = (
				A00B0526262DCA5F00B2C0C2 /* GFButton.swift */,
			);
			path = Buttons;
			sourceTree = "<group>";
		};
		A040218E2643FF560099BF78 /* TextFields */ = {
			isa = PBXGroup;
			children = (
				A00B052C262E342000B2C0C2 /* GFTextField.swift */,
			);
			path = TextFields;
			sourceTree = "<group>";
		};
		A040218F2643FF660099BF78 /* ImageViews */ = {
			isa = PBXGroup;
			children = (
				A087890F2642A3F8000FF4E1 /* GFAvatarImageView.swift */,
			);
			path = ImageViews;
			sourceTree = "<group>";
		};
		A04021902643FF760099BF78 /* ViewControllers */ = {
			isa = PBXGroup;
			children = (
				A045315C2644695600038AAE /* ItenInfoVCs */,
				A0D4968B263574F500ADA802 /* GFAlertVC.swift */,
				A0396E2726442C8D00DEDB7E /* GFUserInfoHeaderVC.swift */,
			);
			path = ViewControllers;
			sourceTree = "<group>";
		};
		A04021912643FFAB0099BF78 /* Labels */ = {
			isa = PBXGroup;
			children = (
				A00B0539263446CA00B2C0C2 /* GFBodyLabel.swift */,
				A00B05362634393D00B2C0C2 /* GFTitleLabel.swift */,
				A0396E2A26442D5B00DEDB7E /* GFSecondaryTitleLabel.swift */,
			);
			path = Labels;
			sourceTree = "<group>";
		};
		A045315C2644695600038AAE /* ItenInfoVCs */ = {
			isa = PBXGroup;
			children = (
				A0453153264466A300038AAE /* GFFollowerItemVC.swift */,
				A04531502644645200038AAE /* GFRepoItemVC.swift */,
				A045314D264460D600038AAE /* GFItemInfoVC.swift */,
			);
			path = ItenInfoVCs;
			sourceTree = "<group>";
		};
		A087890726386982000FF4E1 /* Utilites */ = {
			isa = PBXGroup;
			children = (
				A087890826386999000FF4E1 /* GFError.swift */,
				A05CF9602643DE6900B3708D /* UIHelper.swift */,
				A0396E2D264434B900DEDB7E /* Constants.swift */,
			);
			path = Utilites;
			sourceTree = "<group>";
		};
		A087890B2642A222000FF4E1 /* Cells */ = {
			isa = PBXGroup;
			children = (
				A087890C2642A24F000FF4E1 /* FollowerCell.swift */,
			);
			path = Cells;
			sourceTree = "<group>";
		};
		A0D496912636FF4E00ADA802 /* Screens */ = {
			isa = PBXGroup;
			children = (
				A00B0533263214F200B2C0C2 /* FollowerListVC.swift */,
				A00B0523262D8A0100B2C0C2 /* FavoritesListVC.swift */,
				A00B0520262D89BF00B2C0C2 /* SearchVC.swift */,
				A0396E232644203500DEDB7E /* UserInfoVC.swift */,
			);
			path = Screens;
			sourceTree = "<group>";
		};
		A0D496922636FFC000ADA802 /* Custom Views */ = {
			isa = PBXGroup;
			children = (
				A04021912643FFAB0099BF78 /* Labels */,
				A04021902643FF760099BF78 /* ViewControllers */,
				A040218F2643FF660099BF78 /* ImageViews */,
				A040218E2643FF560099BF78 /* TextFields */,
				A040218D2643FF470099BF78 /* Buttons */,
				A040218C2643FF410099BF78 /* Views */,
				A087890B2642A222000FF4E1 /* Cells */,
			);
			path = "Custom Views";
			sourceTree = "<group>";
		};
		A0D496932637006800ADA802 /* Extensions */ = {
			isa = PBXGroup;
			children = (
				A0D4968E26357DBD00ADA802 /* UIViewControllerExt.swift */,
				A0C29E0F26446BFD00962129 /* Date+Ext.swift */,
				A0C29E1226446C3600962129 /* String+Ext.swift */,
			);
			path = Extensions;
			sourceTree = "<group>";
		};
		A0D49695263700F000ADA802 /* Support */ = {
			isa = PBXGroup;
			children = (
				A00B0508262D712500B2C0C2 /* AppDelegate.swift */,
				A00B050A262D712500B2C0C2 /* SceneDelegate.swift */,
				A00B0511262D712C00B2C0C2 /* Assets.xcassets */,
				A00B0513262D712C00B2C0C2 /* LaunchScreen.storyboard */,
			);
			path = Support;
			sourceTree = "<group>";
		};
		A0D4969626375A4200ADA802 /* Model */ = {
			isa = PBXGroup;
			children = (
				A0D4969726375A6700ADA802 /* Follower.swift */,
				A0D4969A2637661100ADA802 /* User.swift */,
			);
			path = Model;
			sourceTree = "<group>";
		};
		A0D4969E2638240000ADA802 /* Managers */ = {
			isa = PBXGroup;
			children = (
				A0D4969F2638241D00ADA802 /* NetworkManager.swift */,
				A0C29E152645517600962129 /* PersistanceManager.swift */,
			);
			path = Managers;
			sourceTree = "<group>";
		};
/* End PBXGroup section */

/* Begin PBXNativeTarget section */
		A00B0504262D712500B2C0C2 /* GHFollowers */ = {
			isa = PBXNativeTarget;
			buildConfigurationList = A00B0519262D712C00B2C0C2 /* Build configuration list for PBXNativeTarget "GHFollowers" */;
			buildPhases = (
				A00B0501262D712500B2C0C2 /* Sources */,
				A00B0502262D712500B2C0C2 /* Frameworks */,
				A00B0503262D712500B2C0C2 /* Resources */,
			);
			buildRules = (
			);
			dependencies = (
			);
			name = GHFollowers;
			productName = GHFollowers;
			productReference = A00B0505262D712500B2C0C2 /* GHFollowers.app */;
			productType = "com.apple.product-type.application";
		};
/* End PBXNativeTarget section */

/* Begin PBXProject section */
		A00B04FD262D712500B2C0C2 /* Project object */ = {
			isa = PBXProject;
			attributes = {
				LastSwiftUpdateCheck = 1240;
				LastUpgradeCheck = 1240;
				TargetAttributes = {
					A00B0504262D712500B2C0C2 = {
						CreatedOnToolsVersion = 12.4;
					};
				};
			};
			buildConfigurationList = A00B0500262D712500B2C0C2 /* Build configuration list for PBXProject "GHFollowers" */;
			compatibilityVersion = "Xcode 9.3";
			developmentRegion = en;
			hasScannedForEncodings = 0;
			knownRegions = (
				en,
				Base,
			);
			mainGroup = A00B04FC262D712500B2C0C2;
			productRefGroup = A00B0506262D712500B2C0C2 /* Products */;
			projectDirPath = "";
			projectRoot = "";
			targets = (
				A00B0504262D712500B2C0C2 /* GHFollowers */,
			);
		};
/* End PBXProject section */

/* Begin PBXResourcesBuildPhase section */
		A00B0503262D712500B2C0C2 /* Resources */ = {
			isa = PBXResourcesBuildPhase;
			buildActionMask = 2147483647;
			files = (
				A00B0515262D712C00B2C0C2 /* LaunchScreen.storyboard in Resources */,
				A00B0512262D712C00B2C0C2 /* Assets.xcassets in Resources */,
			);
			runOnlyForDeploymentPostprocessing = 0;
		};
/* End PBXResourcesBuildPhase section */

/* Begin PBXSourcesBuildPhase section */
		A00B0501262D712500B2C0C2 /* Sources */ = {
			isa = PBXSourcesBuildPhase;
			buildActionMask = 2147483647;
			files = (
				A0D4969B2637661100ADA802 /* User.swift in Sources */,
				A00B052D262E342000B2C0C2 /* GFTextField.swift in Sources */,
				A0D4968F26357DBD00ADA802 /* UIViewControllerExt.swift in Sources */,
				A0C29E1326446C3600962129 /* String+Ext.swift in Sources */,
				A00B0524262D8A0100B2C0C2 /* FavoritesListVC.swift in Sources */,
				A00B0527262DCA5F00B2C0C2 /* GFButton.swift in Sources */,
				A05CF9612643DE6900B3708D /* UIHelper.swift in Sources */,
				A045314E264460D600038AAE /* GFItemInfoVC.swift in Sources */,
				A0396E2E264434B900DEDB7E /* Constants.swift in Sources */,
				A08789102642A3F8000FF4E1 /* GFAvatarImageView.swift in Sources */,
				A00B0521262D89BF00B2C0C2 /* SearchVC.swift in Sources */,
				A0D4968C263574F500ADA802 /* GFAlertVC.swift in Sources */,
				A0453154264466A300038AAE /* GFFollowerItemVC.swift in Sources */,
				A045314B2644562500038AAE /* GFItemInfoView.swift in Sources */,
				A087890D2642A24F000FF4E1 /* FollowerCell.swift in Sources */,
				A0C29E162645517600962129 /* PersistanceManager.swift in Sources */,
				A087890926386999000FF4E1 /* GFError.swift in Sources */,
				A0396E2826442C8D00DEDB7E /* GFUserInfoHeaderVC.swift in Sources */,
				A00B053A263446CA00B2C0C2 /* GFBodyLabel.swift in Sources */,
				A0D4969826375A6700ADA802 /* Follower.swift in Sources */,
				A00B05372634393D00B2C0C2 /* GFTitleLabel.swift in Sources */,
				A0C29E1026446BFD00962129 /* Date+Ext.swift in Sources */,
				A0396E2B26442D5B00DEDB7E /* GFSecondaryTitleLabel.swift in Sources */,
				A0D496A02638241D00ADA802 /* NetworkManager.swift in Sources */,
				A00B0534263214F200B2C0C2 /* FollowerListVC.swift in Sources */,
				A04021932644008F0099BF78 /* GFEmtyStateView.swift in Sources */,
				A00B0509262D712500B2C0C2 /* AppDelegate.swift in Sources */,
				A00B050B262D712500B2C0C2 /* SceneDelegate.swift in Sources */,
				A04531512644645200038AAE /* GFRepoItemVC.swift in Sources */,
				A0396E242644203500DEDB7E /* UserInfoVC.swift in Sources */,
			);
			runOnlyForDeploymentPostprocessing = 0;
		};
/* End PBXSourcesBuildPhase section */

/* Begin PBXVariantGroup section */
		A00B0513262D712C00B2C0C2 /* LaunchScreen.storyboard */ = {
			isa = PBXVariantGroup;
			children = (
				A00B0514262D712C00B2C0C2 /* Base */,
			);
			name = LaunchScreen.storyboard;
			sourceTree = "<group>";
		};
/* End PBXVariantGroup section */

/* Begin XCBuildConfiguration section */
		A00B0517262D712C00B2C0C2 /* Debug */ = {
			isa = XCBuildConfiguration;
			buildSettings = {
				ALWAYS_SEARCH_USER_PATHS = NO;
				CLANG_ANALYZER_NONNULL = YES;
				CLANG_ANALYZER_NUMBER_OBJECT_CONVERSION = YES_AGGRESSIVE;
				CLANG_CXX_LANGUAGE_STANDARD = "gnu++14";
				CLANG_CXX_LIBRARY = "libc++";
				CLANG_ENABLE_MODULES = YES;
				CLANG_ENABLE_OBJC_ARC = YES;
				CLANG_ENABLE_OBJC_WEAK = YES;
				CLANG_WARN_BLOCK_CAPTURE_AUTORELEASING = YES;
				CLANG_WARN_BOOL_CONVERSION = YES;
				CLANG_WARN_COMMA = YES;
				CLANG_WARN_CONSTANT_CONVERSION = YES;
				CLANG_WARN_DEPRECATED_OBJC_IMPLEMENTATIONS = YES;
				CLANG_WARN_DIRECT_OBJC_ISA_USAGE = YES_ERROR;
				CLANG_WARN_DOCUMENTATION_COMMENTS = YES;
				CLANG_WARN_EMPTY_BODY = YES;
				CLANG_WARN_ENUM_CONVERSION = YES;
				CLANG_WARN_INFINITE_RECURSION = YES;
				CLANG_WARN_INT_CONVERSION = YES;
				CLANG_WARN_NON_LITERAL_NULL_CONVERSION = YES;
				CLANG_WARN_OBJC_IMPLICIT_RETAIN_SELF = YES;
				CLANG_WARN_OBJC_LITERAL_CONVERSION = YES;
				CLANG_WARN_OBJC_ROOT_CLASS = YES_ERROR;
				CLANG_WARN_QUOTED_INCLUDE_IN_FRAMEWORK_HEADER = YES;
				CLANG_WARN_RANGE_LOOP_ANALYSIS = YES;
				CLANG_WARN_STRICT_PROTOTYPES = YES;
				CLANG_WARN_SUSPICIOUS_MOVE = YES;
				CLANG_WARN_UNGUARDED_AVAILABILITY = YES_AGGRESSIVE;
				CLANG_WARN_UNREACHABLE_CODE = YES;
				CLANG_WARN__DUPLICATE_METHOD_MATCH = YES;
				COPY_PHASE_STRIP = NO;
				DEBUG_INFORMATION_FORMAT = dwarf;
				ENABLE_STRICT_OBJC_MSGSEND = YES;
				ENABLE_TESTABILITY = YES;
				GCC_C_LANGUAGE_STANDARD = gnu11;
				GCC_DYNAMIC_NO_PIC = NO;
				GCC_NO_COMMON_BLOCKS = YES;
				GCC_OPTIMIZATION_LEVEL = 0;
				GCC_PREPROCESSOR_DEFINITIONS = (
					"DEBUG=1",
					"$(inherited)",
				);
				GCC_WARN_64_TO_32_BIT_CONVERSION = YES;
				GCC_WARN_ABOUT_RETURN_TYPE = YES_ERROR;
				GCC_WARN_UNDECLARED_SELECTOR = YES;
				GCC_WARN_UNINITIALIZED_AUTOS = YES_AGGRESSIVE;
				GCC_WARN_UNUSED_FUNCTION = YES;
				GCC_WARN_UNUSED_VARIABLE = YES;
				IPHONEOS_DEPLOYMENT_TARGET = 14.4;
				MTL_ENABLE_DEBUG_INFO = INCLUDE_SOURCE;
				MTL_FAST_MATH = YES;
				ONLY_ACTIVE_ARCH = YES;
				SDKROOT = iphoneos;
				SWIFT_ACTIVE_COMPILATION_CONDITIONS = DEBUG;
				SWIFT_OPTIMIZATION_LEVEL = "-Onone";
			};
			name = Debug;
		};
		A00B0518262D712C00B2C0C2 /* Release */ = {
			isa = XCBuildConfiguration;
			buildSettings = {
				ALWAYS_SEARCH_USER_PATHS = NO;
				CLANG_ANALYZER_NONNULL = YES;
				CLANG_ANALYZER_NUMBER_OBJECT_CONVERSION = YES_AGGRESSIVE;
				CLANG_CXX_LANGUAGE_STANDARD = "gnu++14";
				CLANG_CXX_LIBRARY = "libc++";
				CLANG_ENABLE_MODULES = YES;
				CLANG_ENABLE_OBJC_ARC = YES;
				CLANG_ENABLE_OBJC_WEAK = YES;
				CLANG_WARN_BLOCK_CAPTURE_AUTORELEASING = YES;
				CLANG_WARN_BOOL_CONVERSION = YES;
				CLANG_WARN_COMMA = YES;
				CLANG_WARN_CONSTANT_CONVERSION = YES;
				CLANG_WARN_DEPRECATED_OBJC_IMPLEMENTATIONS = YES;
				CLANG_WARN_DIRECT_OBJC_ISA_USAGE = YES_ERROR;
				CLANG_WARN_DOCUMENTATION_COMMENTS = YES;
				CLANG_WARN_EMPTY_BODY = YES;
				CLANG_WARN_ENUM_CONVERSION = YES;
				CLANG_WARN_INFINITE_RECURSION = YES;
				CLANG_WARN_INT_CONVERSION = YES;
				CLANG_WARN_NON_LITERAL_NULL_CONVERSION = YES;
				CLANG_WARN_OBJC_IMPLICIT_RETAIN_SELF = YES;
				CLANG_WARN_OBJC_LITERAL_CONVERSION = YES;
				CLANG_WARN_OBJC_ROOT_CLASS = YES_ERROR;
				CLANG_WARN_QUOTED_INCLUDE_IN_FRAMEWORK_HEADER = YES;
				CLANG_WARN_RANGE_LOOP_ANALYSIS = YES;
				CLANG_WARN_STRICT_PROTOTYPES = YES;
				CLANG_WARN_SUSPICIOUS_MOVE = YES;
				CLANG_WARN_UNGUARDED_AVAILABILITY = YES_AGGRESSIVE;
				CLANG_WARN_UNREACHABLE_CODE = YES;
				CLANG_WARN__DUPLICATE_METHOD_MATCH = YES;
				COPY_PHASE_STRIP = NO;
				DEBUG_INFORMATION_FORMAT = "dwarf-with-dsym";
				ENABLE_NS_ASSERTIONS = NO;
				ENABLE_STRICT_OBJC_MSGSEND = YES;
				GCC_C_LANGUAGE_STANDARD = gnu11;
				GCC_NO_COMMON_BLOCKS = YES;
				GCC_WARN_64_TO_32_BIT_CONVERSION = YES;
				GCC_WARN_ABOUT_RETURN_TYPE = YES_ERROR;
				GCC_WARN_UNDECLARED_SELECTOR = YES;
				GCC_WARN_UNINITIALIZED_AUTOS = YES_AGGRESSIVE;
				GCC_WARN_UNUSED_FUNCTION = YES;
				GCC_WARN_UNUSED_VARIABLE = YES;
				IPHONEOS_DEPLOYMENT_TARGET = 14.4;
				MTL_ENABLE_DEBUG_INFO = NO;
				MTL_FAST_MATH = YES;
				SDKROOT = iphoneos;
				SWIFT_COMPILATION_MODE = wholemodule;
				SWIFT_OPTIMIZATION_LEVEL = "-O";
				VALIDATE_PRODUCT = YES;
			};
			name = Release;
		};
		A00B051A262D712C00B2C0C2 /* Debug */ = {
			isa = XCBuildConfiguration;
			buildSettings = {
				ASSETCATALOG_COMPILER_APPICON_NAME = AppIcon;
				ASSETCATALOG_COMPILER_GLOBAL_ACCENT_COLOR_NAME = AccentColor;
				CODE_SIGN_STYLE = Automatic;
				DEVELOPMENT_TEAM = D825DCKRRK;
				INFOPLIST_FILE = GHFollowers/Info.plist;
				LD_RUNPATH_SEARCH_PATHS = (
					"$(inherited)",
					"@executable_path/Frameworks",
				);
				PRODUCT_BUNDLE_IDENTIFIER = "-.GHFollowers";
				PRODUCT_NAME = "$(TARGET_NAME)";
				SWIFT_VERSION = 5.0;
				TARGETED_DEVICE_FAMILY = 1;
			};
			name = Debug;
		};
		A00B051B262D712C00B2C0C2 /* Release */ = {
			isa = XCBuildConfiguration;
			buildSettings = {
				ASSETCATALOG_COMPILER_APPICON_NAME = AppIcon;
				ASSETCATALOG_COMPILER_GLOBAL_ACCENT_COLOR_NAME = AccentColor;
				CODE_SIGN_STYLE = Automatic;
				DEVELOPMENT_TEAM = D825DCKRRK;
				INFOPLIST_FILE = GHFollowers/Info.plist;
				LD_RUNPATH_SEARCH_PATHS = (
					"$(inherited)",
					"@executable_path/Frameworks",
				);
				PRODUCT_BUNDLE_IDENTIFIER = "-.GHFollowers";
				PRODUCT_NAME = "$(TARGET_NAME)";
				SWIFT_VERSION = 5.0;
				TARGETED_DEVICE_FAMILY = 1;
			};
			name = Release;
		};
/* End XCBuildConfiguration section */

/* Begin XCConfigurationList section */
		A00B0500262D712500B2C0C2 /* Build configuration list for PBXProject "GHFollowers" */ = {
			isa = XCConfigurationList;
			buildConfigurations = (
				A00B0517262D712C00B2C0C2 /* Debug */,
				A00B0518262D712C00B2C0C2 /* Release */,
			);
			defaultConfigurationIsVisible = 0;
			defaultConfigurationName = Release;
		};
		A00B0519262D712C00B2C0C2 /* Build configuration list for PBXNativeTarget "GHFollowers" */ = {
			isa = XCConfigurationList;
			buildConfigurations = (
				A00B051A262D712C00B2C0C2 /* Debug */,
				A00B051B262D712C00B2C0C2 /* Release */,
			);
			defaultConfigurationIsVisible = 0;
			defaultConfigurationName = Release;
		};
/* End XCConfigurationList section */
	};
	rootObject = A00B04FD262D712500B2C0C2 /* Project object */;
}
